
Microsoft Visual Studio Solution File, Format Version 12.00
# Visual Studio Version 17
VisualStudioVersion = 17.1.32228.430
MinimumVisualStudioVersion = 10.0.40219.1
Project("{FAE04EC0-301F-11D3-BF4B-00C04F79EFBC}") = "Veterinarios", "Veterinarios\Veterinarios.csproj", "{269A7848-0D34-4472-AD0A-333BD9C9AAA3}"
EndProject
Global
	GlobalSection(SolutionConfigurationPlatforms) = preSolution
		Debug|Any CPU = Debug|Any CPU
		Release|Any CPU = Release|Any CPU
	EndGlobalSection
	GlobalSection(ProjectConfigurationPlatforms) = postSolution
		{269A7848-0D34-4472-AD0A-333BD9C9AAA3}.Debug|Any CPU.ActiveCfg = Debug|Any CPU
		{269A7848-0D34-4472-AD0A-333BD9C9AAA3}.Debug|Any CPU.Build.0 = Debug|Any CPU
		{269A7848-0D34-4472-AD0A-333BD9C9AAA3}.Release|Any CPU.ActiveCfg = Release|Any CPU
		{269A7848-0D34-4472-AD0A-333BD9C9AAA3}.Release|Any CPU.Build.0 = Release|Any CPU
	EndGlobalSection
	GlobalSection(SolutionProperties) = preSolution
		HideSolutionNode = FALSE
	EndGlobalSection
	GlobalSection(ExtensibilityGlobals) = postSolution
		SolutionGuid = {4CD315A6-E90B-4D51-B2E8-AE358C7E70AE}
	EndGlobalSection
EndGlobal
